
Microsoft Visual Studio Solution File, Format Version 12.00
# Visual Studio 15
VisualStudioVersion = 15.0.28307.168
MinimumVisualStudioVersion = 10.0.40219.1
Project("{FAE04EC0-301F-11D3-BF4B-00C04F79EFBC}") = "svg", "svg\svg.csproj", "{1868495F-D270-40E8-A6E1-E47E1A569C61}"
EndProject
Global
	GlobalSection(SolutionConfigurationPlatforms) = preSolution
		Debug|Any CPU = Debug|Any CPU
		Release|Any CPU = Release|Any CPU
	EndGlobalSection
	GlobalSection(ProjectConfigurationPlatforms) = postSolution
		{1868495F-D270-40E8-A6E1-E47E1A569C61}.Debug|Any CPU.ActiveCfg = Debug|Any CPU
		{1868495F-D270-40E8-A6E1-E47E1A569C61}.Debug|Any CPU.Build.0 = Debug|Any CPU
		{1868495F-D270-40E8-A6E1-E47E1A569C61}.Release|Any CPU.ActiveCfg = Release|Any CPU
		{1868495F-D270-40E8-A6E1-E47E1A569C61}.Release|Any CPU.Build.0 = Release|Any CPU
	EndGlobalSection
	GlobalSection(SolutionProperties) = preSolution
		HideSolutionNode = FALSE
	EndGlobalSection
	GlobalSection(ExtensibilityGlobals) = postSolution
		SolutionGuid = {E3B185AE-C7E3-4CB4-AC1F-CDA39DE45F6F}
	EndGlobalSection
EndGlobal
